
Microsoft Visual Studio Solution File, Format Version 12.00
# Visual Studio Version 16
VisualStudioVersion = 16.0.31321.278
MinimumVisualStudioVersion = 10.0.40219.1
Project("{9092AA53-FB77-4645-B42D-1CCCA6BD08BD}") = "express-base-coffee", "..\express-base-coffee.njsproj", "{E73BD5BE-7F4A-41FA-AC35-61FE4B19CAF7}"
EndProject
Global
	GlobalSection(SolutionConfigurationPlatforms) = preSolution
		Debug|Any CPU = Debug|Any CPU
		Release|Any CPU = Release|Any CPU
	EndGlobalSection
	GlobalSection(ProjectConfigurationPlatforms) = postSolution
		{E73BD5BE-7F4A-41FA-AC35-61FE4B19CAF7}.Debug|Any CPU.ActiveCfg = Debug|Any CPU
		{E73BD5BE-7F4A-41FA-AC35-61FE4B19CAF7}.Debug|Any CPU.Build.0 = Debug|Any CPU
		{E73BD5BE-7F4A-41FA-AC35-61FE4B19CAF7}.Release|Any CPU.ActiveCfg = Release|Any CPU
		{E73BD5BE-7F4A-41FA-AC35-61FE4B19CAF7}.Release|Any CPU.Build.0 = Release|Any CPU
	EndGlobalSection
	GlobalSection(SolutionProperties) = preSolution
		HideSolutionNode = FALSE
	EndGlobalSection
	GlobalSection(ExtensibilityGlobals) = postSolution
		SolutionGuid = {FE218FE4-8A42-4083-B9E9-D171729EB11B}
	EndGlobalSection
EndGlobal
